
Microsoft Visual Studio Solution File, Format Version 12.00
# Visual Studio 2012
Project("{FAE04EC0-301F-11D3-BF4B-00C04F79EFBC}") = "Workflow.Application", "Workflow.Application\Workflow.Application.csproj", "{45A3ABCC-EF12-4251-AF4E-F707F4895F61}"
EndProject
Project("{FAE04EC0-301F-11D3-BF4B-00C04F79EFBC}") = "Workflow.Domain", "Workflow.Domain\Workflow.Domain.csproj", "{CC2C0AF0-5145-4BF1-A49F-EC8F8B08B297}"
EndProject
Project("{FAE04EC0-301F-11D3-BF4B-00C04F79EFBC}") = "Workflow.Infrastructure", "Workflow.Infrastructure\Workflow.Infrastructure.csproj", "{6F68A511-2569-4525-BA23-F7B355690FA7}"
EndProject
Project("{FAE04EC0-301F-11D3-BF4B-00C04F79EFBC}") = "Workflow.test", "Workflow.test\Workflow.test.csproj", "{4A99C71E-0C00-47F7-9863-DC1E264AFFC3}"
EndProject
Project("{FAE04EC0-301F-11D3-BF4B-00C04F79EFBC}") = "Workflow.Interface", "Workflow.Interface\Workflow.Interface.csproj", "{ABDBCAF1-2ACB-4356-ACE8-C38ABC6B8B86}"
EndProject
Project("{FAE04EC0-301F-11D3-BF4B-00C04F79EFBC}") = "Workflow.Repository", "Workflow.Repository\Workflow.Repository.csproj", "{77C5E32F-819F-40F1-856C-9DF4E0F112D5}"
EndProject
Global
	GlobalSection(SolutionConfigurationPlatforms) = preSolution
		Debug|Any CPU = Debug|Any CPU
		Release|Any CPU = Release|Any CPU
	EndGlobalSection
	GlobalSection(ProjectConfigurationPlatforms) = postSolution
		{45A3ABCC-EF12-4251-AF4E-F707F4895F61}.Debug|Any CPU.ActiveCfg = Debug|Any CPU
		{45A3ABCC-EF12-4251-AF4E-F707F4895F61}.Debug|Any CPU.Build.0 = Debug|Any CPU
		{45A3ABCC-EF12-4251-AF4E-F707F4895F61}.Release|Any CPU.ActiveCfg = Release|Any CPU
		{45A3ABCC-EF12-4251-AF4E-F707F4895F61}.Release|Any CPU.Build.0 = Release|Any CPU
		{CC2C0AF0-5145-4BF1-A49F-EC8F8B08B297}.Debug|Any CPU.ActiveCfg = Debug|Any CPU
		{CC2C0AF0-5145-4BF1-A49F-EC8F8B08B297}.Debug|Any CPU.Build.0 = Debug|Any CPU
		{CC2C0AF0-5145-4BF1-A49F-EC8F8B08B297}.Release|Any CPU.ActiveCfg = Release|Any CPU
		{CC2C0AF0-5145-4BF1-A49F-EC8F8B08B297}.Release|Any CPU.Build.0 = Release|Any CPU
		{6F68A511-2569-4525-BA23-F7B355690FA7}.Debug|Any CPU.ActiveCfg = Debug|Any CPU
		{6F68A511-2569-4525-BA23-F7B355690FA7}.Debug|Any CPU.Build.0 = Debug|Any CPU
		{6F68A511-2569-4525-BA23-F7B355690FA7}.Release|Any CPU.ActiveCfg = Release|Any CPU
		{6F68A511-2569-4525-BA23-F7B355690FA7}.Release|Any CPU.Build.0 = Release|Any CPU
		{4A99C71E-0C00-47F7-9863-DC1E264AFFC3}.Debug|Any CPU.ActiveCfg = Debug|Any CPU
		{4A99C71E-0C00-47F7-9863-DC1E264AFFC3}.Debug|Any CPU.Build.0 = Debug|Any CPU
		{4A99C71E-0C00-47F7-9863-DC1E264AFFC3}.Release|Any CPU.ActiveCfg = Release|Any CPU
		{4A99C71E-0C00-47F7-9863-DC1E264AFFC3}.Release|Any CPU.Build.0 = Release|Any CPU
		{ABDBCAF1-2ACB-4356-ACE8-C38ABC6B8B86}.Debug|Any CPU.ActiveCfg = Debug|Any CPU
		{ABDBCAF1-2ACB-4356-ACE8-C38ABC6B8B86}.Debug|Any CPU.Build.0 = Debug|Any CPU
		{ABDBCAF1-2ACB-4356-ACE8-C38ABC6B8B86}.Release|Any CPU.ActiveCfg = Release|Any CPU
		{ABDBCAF1-2ACB-4356-ACE8-C38ABC6B8B86}.Release|Any CPU.Build.0 = Release|Any CPU
		{77C5E32F-819F-40F1-856C-9DF4E0F112D5}.Debug|Any CPU.ActiveCfg = Debug|Any CPU
		{77C5E32F-819F-40F1-856C-9DF4E0F112D5}.Debug|Any CPU.Build.0 = Debug|Any CPU
		{77C5E32F-819F-40F1-856C-9DF4E0F112D5}.Release|Any CPU.ActiveCfg = Release|Any CPU
		{77C5E32F-819F-40F1-856C-9DF4E0F112D5}.Release|Any CPU.Build.0 = Release|Any CPU
	EndGlobalSection
	GlobalSection(SolutionProperties) = preSolution
		HideSolutionNode = FALSE
	EndGlobalSection
EndGlobal
